
Microsoft Visual Studio Solution File, Format Version 12.00
# Visual Studio Version 17
VisualStudioVersion = 17.8.34330.188
MinimumVisualStudioVersion = 10.0.40219.1
Project("{9A19103F-16F7-4668-BE54-9A1E7A4F7556}") = "Interfaces", "Interfaces\Interfaces.csproj", "{6278C2B5-D54F-4F56-9407-5380A983ADC5}"
EndProject
Project("{9A19103F-16F7-4668-BE54-9A1E7A4F7556}") = "Core", "Core\Core.csproj", "{D865539F-DFE0-44CF-B46B-18626E75A603}"
EndProject
Project("{9A19103F-16F7-4668-BE54-9A1E7A4F7556}") = "SkiingGear.DBSQL", "SkiingGear.DBSQL\SkiingGear.DBSQL.csproj", "{D094ED61-4B41-4131-9EF0-4D820EB49D42}"
EndProject
Project("{9A19103F-16F7-4668-BE54-9A1E7A4F7556}") = "BL", "BL\BL.csproj", "{FBF7D295-1553-482D-865C-1D68ACFFC770}"
EndProject
Project("{9A19103F-16F7-4668-BE54-9A1E7A4F7556}") = "DBMock", "DBMock\DBMock.csproj", "{032196F5-BAF6-493B-B9DD-57998C89E52D}"
EndProject
Project("{9A19103F-16F7-4668-BE54-9A1E7A4F7556}") = "SkiingGear.DBFile", "SkiingGear.DBFile\SkiingGear.DBFile.csproj", "{EFEAD22A-7614-44B8-AFDE-26A943403E2C}"
EndProject
Project("{9A19103F-16F7-4668-BE54-9A1E7A4F7556}") = "SkiingGearBlazor", "SkiingGearBlazor\SkiingGearBlazor.csproj", "{F1C70FA2-6821-4E4E-AFE8-CFCF007318AD}"
EndProject
Project("{FAE04EC0-301F-11D3-BF4B-00C04F79EFBC}") = "SkiingGear", "SkiingGear\SkiingGear.csproj", "{4A242E80-3C60-40D9-A70C-CDCB3DDA110C}"
EndProject
Global
	GlobalSection(SolutionConfigurationPlatforms) = preSolution
		Debug|Any CPU = Debug|Any CPU
		Release|Any CPU = Release|Any CPU
	EndGlobalSection
	GlobalSection(ProjectConfigurationPlatforms) = postSolution
		{6278C2B5-D54F-4F56-9407-5380A983ADC5}.Debug|Any CPU.ActiveCfg = Debug|Any CPU
		{6278C2B5-D54F-4F56-9407-5380A983ADC5}.Debug|Any CPU.Build.0 = Debug|Any CPU
		{6278C2B5-D54F-4F56-9407-5380A983ADC5}.Release|Any CPU.ActiveCfg = Release|Any CPU
		{6278C2B5-D54F-4F56-9407-5380A983ADC5}.Release|Any CPU.Build.0 = Release|Any CPU
		{D865539F-DFE0-44CF-B46B-18626E75A603}.Debug|Any CPU.ActiveCfg = Debug|Any CPU
		{D865539F-DFE0-44CF-B46B-18626E75A603}.Debug|Any CPU.Build.0 = Debug|Any CPU
		{D865539F-DFE0-44CF-B46B-18626E75A603}.Release|Any CPU.ActiveCfg = Release|Any CPU
		{D865539F-DFE0-44CF-B46B-18626E75A603}.Release|Any CPU.Build.0 = Release|Any CPU
		{D094ED61-4B41-4131-9EF0-4D820EB49D42}.Debug|Any CPU.ActiveCfg = Debug|Any CPU
		{D094ED61-4B41-4131-9EF0-4D820EB49D42}.Debug|Any CPU.Build.0 = Debug|Any CPU
		{D094ED61-4B41-4131-9EF0-4D820EB49D42}.Release|Any CPU.ActiveCfg = Release|Any CPU
		{D094ED61-4B41-4131-9EF0-4D820EB49D42}.Release|Any CPU.Build.0 = Release|Any CPU
		{FBF7D295-1553-482D-865C-1D68ACFFC770}.Debug|Any CPU.ActiveCfg = Debug|Any CPU
		{FBF7D295-1553-482D-865C-1D68ACFFC770}.Debug|Any CPU.Build.0 = Debug|Any CPU
		{FBF7D295-1553-482D-865C-1D68ACFFC770}.Release|Any CPU.ActiveCfg = Release|Any CPU
		{FBF7D295-1553-482D-865C-1D68ACFFC770}.Release|Any CPU.Build.0 = Release|Any CPU
		{032196F5-BAF6-493B-B9DD-57998C89E52D}.Debug|Any CPU.ActiveCfg = Debug|Any CPU
		{032196F5-BAF6-493B-B9DD-57998C89E52D}.Debug|Any CPU.Build.0 = Debug|Any CPU
		{032196F5-BAF6-493B-B9DD-57998C89E52D}.Release|Any CPU.ActiveCfg = Release|Any CPU
		{032196F5-BAF6-493B-B9DD-57998C89E52D}.Release|Any CPU.Build.0 = Release|Any CPU
		{EFEAD22A-7614-44B8-AFDE-26A943403E2C}.Debug|Any CPU.ActiveCfg = Debug|Any CPU
		{EFEAD22A-7614-44B8-AFDE-26A943403E2C}.Debug|Any CPU.Build.0 = Debug|Any CPU
		{EFEAD22A-7614-44B8-AFDE-26A943403E2C}.Release|Any CPU.ActiveCfg = Release|Any CPU
		{EFEAD22A-7614-44B8-AFDE-26A943403E2C}.Release|Any CPU.Build.0 = Release|Any CPU
		{F1C70FA2-6821-4E4E-AFE8-CFCF007318AD}.Debug|Any CPU.ActiveCfg = Debug|Any CPU
		{F1C70FA2-6821-4E4E-AFE8-CFCF007318AD}.Debug|Any CPU.Build.0 = Debug|Any CPU
		{F1C70FA2-6821-4E4E-AFE8-CFCF007318AD}.Release|Any CPU.ActiveCfg = Release|Any CPU
		{F1C70FA2-6821-4E4E-AFE8-CFCF007318AD}.Release|Any CPU.Build.0 = Release|Any CPU
		{4A242E80-3C60-40D9-A70C-CDCB3DDA110C}.Debug|Any CPU.ActiveCfg = Debug|Any CPU
		{4A242E80-3C60-40D9-A70C-CDCB3DDA110C}.Debug|Any CPU.Build.0 = Debug|Any CPU
		{4A242E80-3C60-40D9-A70C-CDCB3DDA110C}.Release|Any CPU.ActiveCfg = Release|Any CPU
		{4A242E80-3C60-40D9-A70C-CDCB3DDA110C}.Release|Any CPU.Build.0 = Release|Any CPU
	EndGlobalSection
	GlobalSection(SolutionProperties) = preSolution
		HideSolutionNode = FALSE
	EndGlobalSection
	GlobalSection(ExtensibilityGlobals) = postSolution
		SolutionGuid = {98D21384-2440-4190-B093-4C6D7B268B1E}
	EndGlobalSection
EndGlobal
